
Microsoft Visual Studio Solution File, Format Version 12.00
Project("{FAE04EC0-301F-11D3-BF4B-00C04F79EFBC}") = "3sem", "3sem\3sem.csproj", "{48312C42-D2F0-4CCF-AD3F-5585602DA667}"
EndProject
Global
	GlobalSection(SolutionConfigurationPlatforms) = preSolution
		Debug|Any CPU = Debug|Any CPU
		Release|Any CPU = Release|Any CPU
	EndGlobalSection
	GlobalSection(ProjectConfigurationPlatforms) = postSolution
		{48312C42-D2F0-4CCF-AD3F-5585602DA667}.Debug|Any CPU.ActiveCfg = Debug|Any CPU
		{48312C42-D2F0-4CCF-AD3F-5585602DA667}.Debug|Any CPU.Build.0 = Debug|Any CPU
		{48312C42-D2F0-4CCF-AD3F-5585602DA667}.Release|Any CPU.ActiveCfg = Release|Any CPU
		{48312C42-D2F0-4CCF-AD3F-5585602DA667}.Release|Any CPU.Build.0 = Release|Any CPU
	EndGlobalSection
EndGlobal
